
Microsoft Visual Studio Solution File, Format Version 12.00
# Visual Studio Version 16
VisualStudioVersion = 16.0.29025.244
MinimumVisualStudioVersion = 10.0.40219.1
Project("{8BC9CEB8-8B4A-11D0-8D11-00A0C91BC942}") = "cpplib", "cpplib\cpplib.vcxproj", "{481E5440-D03D-52B1-92EC-E95F3BB538AA}"
EndProject
Global
	GlobalSection(SolutionConfigurationPlatforms) = preSolution
		Debug|x86 = Debug|x86
		Release|x86 = Release|x86
	EndGlobalSection
	GlobalSection(ProjectConfigurationPlatforms) = postSolution
		{481E5440-D03D-52B1-92EC-E95F3BB538AA}.Debug|x86.ActiveCfg = Debug|Win32
		{481E5440-D03D-52B1-92EC-E95F3BB538AA}.Debug|x86.Build.0 = Debug|Win32
		{481E5440-D03D-52B1-92EC-E95F3BB538AA}.Release|x86.ActiveCfg = Release|Win32
		{481E5440-D03D-52B1-92EC-E95F3BB538AA}.Release|x86.Build.0 = Release|Win32
	EndGlobalSection
	GlobalSection(SolutionProperties) = preSolution
		HideSolutionNode = FALSE
	EndGlobalSection
	GlobalSection(ExtensibilityGlobals) = postSolution
		SolutionGuid = {9436E94C-8CE7-4139-874E-C58DF0AA183A}
	EndGlobalSection
EndGlobal
